
Microsoft Visual Studio Solution File, Format Version 12.00
# Visual Studio 15
VisualStudioVersion = 15.0.27703.2018
MinimumVisualStudioVersion = 10.0.40219.1
Project("{FAE04EC0-301F-11D3-BF4B-00C04F79EFBC}") = "CRUD_CSharp", "CRUD_CSharp\CRUD_CSharp.csproj", "{7C3F8EE9-AE33-4F23-AACF-FC3BB7B21B51}"
EndProject
Project("{F184B08F-C81C-45F6-A57F-5ABD9991F28F}") = "CRUD_VB", "CRUD_VB\CRUD_VB.vbproj", "{D4F30F31-3994-41A2-A304-13577A358373}"
EndProject
Global
	GlobalSection(SolutionConfigurationPlatforms) = preSolution
		Debug|Any CPU = Debug|Any CPU
		Release|Any CPU = Release|Any CPU
	EndGlobalSection
	GlobalSection(ProjectConfigurationPlatforms) = postSolution
		{7C3F8EE9-AE33-4F23-AACF-FC3BB7B21B51}.Debug|Any CPU.ActiveCfg = Debug|Any CPU
		{7C3F8EE9-AE33-4F23-AACF-FC3BB7B21B51}.Debug|Any CPU.Build.0 = Debug|Any CPU
		{7C3F8EE9-AE33-4F23-AACF-FC3BB7B21B51}.Release|Any CPU.ActiveCfg = Release|Any CPU
		{7C3F8EE9-AE33-4F23-AACF-FC3BB7B21B51}.Release|Any CPU.Build.0 = Release|Any CPU
		{D4F30F31-3994-41A2-A304-13577A358373}.Debug|Any CPU.ActiveCfg = Debug|Any CPU
		{D4F30F31-3994-41A2-A304-13577A358373}.Debug|Any CPU.Build.0 = Debug|Any CPU
		{D4F30F31-3994-41A2-A304-13577A358373}.Release|Any CPU.ActiveCfg = Release|Any CPU
		{D4F30F31-3994-41A2-A304-13577A358373}.Release|Any CPU.Build.0 = Release|Any CPU
	EndGlobalSection
	GlobalSection(SolutionProperties) = preSolution
		HideSolutionNode = FALSE
	EndGlobalSection
	GlobalSection(ExtensibilityGlobals) = postSolution
		SolutionGuid = {042885A5-BA48-41F4-9E42-934522FCC66B}
	EndGlobalSection
EndGlobal
